
Microsoft Visual Studio Solution File, Format Version 11.00
# Visual Studio 2010
Project("{FAE04EC0-301F-11D3-BF4B-00C04F79EFBC}") = "Exercice02-ValAbs", "Exercice02-ValAbs\Exercice02-ValAbs.csproj", "{CC8B87B7-F708-4674-BA7A-DF83CDE1E5B6}"
EndProject
Project("{FAE04EC0-301F-11D3-BF4B-00C04F79EFBC}") = "Exercice03-SalaireNet", "Exercice03-SalaireNet\Exercice03-SalaireNet.csproj", "{069A9CB7-7C9B-4B3A-A10B-28C073BC5486}"
EndProject
Project("{FAE04EC0-301F-11D3-BF4B-00C04F79EFBC}") = "Exercice04-MoyenneNotes", "Exercice04-MoyenneNotes\Exercice04-MoyenneNotes.csproj", "{91C3C2B9-9AC8-43C7-A0EC-89EA0A6A9443}"
EndProject
Project("{FAE04EC0-301F-11D3-BF4B-00C04F79EFBC}") = "Exercice05-DureeTrajet", "Exercice05-DureeTrajet\Exercice05-DureeTrajet.csproj", "{9D4A1942-F5F6-4125-9B9B-E1D8D4E06421}"
EndProject
Project("{FAE04EC0-301F-11D3-BF4B-00C04F79EFBC}") = "Exercice06_PH", "Exercice06_PH\Exercice06_PH.csproj", "{9080D206-2590-4C24-A726-28CA9620EF68}"
EndProject
Project("{FAE04EC0-301F-11D3-BF4B-00C04F79EFBC}") = "Exercice07_DateLendemain", "Exercice07_DateLendemain\Exercice07_DateLendemain.csproj", "{E34B992B-0861-4D9E-B9D3-7BB6DD959038}"
EndProject
Global
	GlobalSection(SolutionConfigurationPlatforms) = preSolution
		Debug|x86 = Debug|x86
		Release|x86 = Release|x86
	EndGlobalSection
	GlobalSection(ProjectConfigurationPlatforms) = postSolution
		{CC8B87B7-F708-4674-BA7A-DF83CDE1E5B6}.Debug|x86.ActiveCfg = Debug|x86
		{CC8B87B7-F708-4674-BA7A-DF83CDE1E5B6}.Debug|x86.Build.0 = Debug|x86
		{CC8B87B7-F708-4674-BA7A-DF83CDE1E5B6}.Release|x86.ActiveCfg = Release|x86
		{CC8B87B7-F708-4674-BA7A-DF83CDE1E5B6}.Release|x86.Build.0 = Release|x86
		{069A9CB7-7C9B-4B3A-A10B-28C073BC5486}.Debug|x86.ActiveCfg = Debug|x86
		{069A9CB7-7C9B-4B3A-A10B-28C073BC5486}.Debug|x86.Build.0 = Debug|x86
		{069A9CB7-7C9B-4B3A-A10B-28C073BC5486}.Release|x86.ActiveCfg = Release|x86
		{069A9CB7-7C9B-4B3A-A10B-28C073BC5486}.Release|x86.Build.0 = Release|x86
		{91C3C2B9-9AC8-43C7-A0EC-89EA0A6A9443}.Debug|x86.ActiveCfg = Debug|x86
		{91C3C2B9-9AC8-43C7-A0EC-89EA0A6A9443}.Debug|x86.Build.0 = Debug|x86
		{91C3C2B9-9AC8-43C7-A0EC-89EA0A6A9443}.Release|x86.ActiveCfg = Release|x86
		{91C3C2B9-9AC8-43C7-A0EC-89EA0A6A9443}.Release|x86.Build.0 = Release|x86
		{9D4A1942-F5F6-4125-9B9B-E1D8D4E06421}.Debug|x86.ActiveCfg = Debug|x86
		{9D4A1942-F5F6-4125-9B9B-E1D8D4E06421}.Debug|x86.Build.0 = Debug|x86
		{9D4A1942-F5F6-4125-9B9B-E1D8D4E06421}.Release|x86.ActiveCfg = Release|x86
		{9D4A1942-F5F6-4125-9B9B-E1D8D4E06421}.Release|x86.Build.0 = Release|x86
		{9080D206-2590-4C24-A726-28CA9620EF68}.Debug|x86.ActiveCfg = Debug|x86
		{9080D206-2590-4C24-A726-28CA9620EF68}.Debug|x86.Build.0 = Debug|x86
		{9080D206-2590-4C24-A726-28CA9620EF68}.Release|x86.ActiveCfg = Release|x86
		{9080D206-2590-4C24-A726-28CA9620EF68}.Release|x86.Build.0 = Release|x86
		{E34B992B-0861-4D9E-B9D3-7BB6DD959038}.Debug|x86.ActiveCfg = Debug|x86
		{E34B992B-0861-4D9E-B9D3-7BB6DD959038}.Debug|x86.Build.0 = Debug|x86
		{E34B992B-0861-4D9E-B9D3-7BB6DD959038}.Release|x86.ActiveCfg = Release|x86
		{E34B992B-0861-4D9E-B9D3-7BB6DD959038}.Release|x86.Build.0 = Release|x86
	EndGlobalSection
	GlobalSection(SolutionProperties) = preSolution
		HideSolutionNode = FALSE
	EndGlobalSection
EndGlobal
